
Microsoft Visual Studio Solution File, Format Version 12.00
# Visual Studio 15
VisualStudioVersion = 15.0.28307.136
MinimumVisualStudioVersion = 10.0.40219.1
Project("{FAE04EC0-301F-11D3-BF4B-00C04F79EFBC}") = "TodoApi", "TodoApi\TodoApi.csproj", "{1A42AE32-2627-4858-8CE9-F21DDA9D1C98}"
EndProject
Global
	GlobalSection(SolutionConfigurationPlatforms) = preSolution
		Debug|Any CPU = Debug|Any CPU
		Release|Any CPU = Release|Any CPU
	EndGlobalSection
	GlobalSection(ProjectConfigurationPlatforms) = postSolution
		{1A42AE32-2627-4858-8CE9-F21DDA9D1C98}.Debug|Any CPU.ActiveCfg = Debug|Any CPU
		{1A42AE32-2627-4858-8CE9-F21DDA9D1C98}.Debug|Any CPU.Build.0 = Debug|Any CPU
		{1A42AE32-2627-4858-8CE9-F21DDA9D1C98}.Release|Any CPU.ActiveCfg = Release|Any CPU
		{1A42AE32-2627-4858-8CE9-F21DDA9D1C98}.Release|Any CPU.Build.0 = Release|Any CPU
	EndGlobalSection
	GlobalSection(SolutionProperties) = preSolution
		HideSolutionNode = FALSE
	EndGlobalSection
	GlobalSection(ExtensibilityGlobals) = postSolution
		SolutionGuid = {B1703873-6360-457F-A3B2-ABD1D784D2F8}
	EndGlobalSection
EndGlobal
